{
  "nodes": {
    "nixCats": {
      "locked": {
        "lastModified": 1745189929,
        "narHash": "sha256-vzXn2XeW2DdZfGcsasl97jjKpvcCEdQHRH4JtQa+gFE=",
        "owner": "BirdeeHub",
        "repo": "nixCats-nvim",
        "rev": "3f0fe7dd55957a4466c3333b4c41c53a3f0e4082",
        "type": "github"
      },
      "original": {
        "owner": "BirdeeHub",
        "repo": "nixCats-nvim",
        "type": "github"
      }
    },
    "nixpkgs": {
      "locked": {
        "lastModified": 1744868846,
        "narHash": "sha256-5RJTdUHDmj12Qsv7XOhuospjAjATNiTMElplWnJE9Hs=",
        "owner": "nixos",
        "repo": "nixpkgs",
        "rev": "ebe4301cbd8f81c4f8d3244b3632338bbeb6d49c",
        "type": "github"
      },
      "original": {
        "owner": "nixos",
        "ref": "nixpkgs-unstable",
        "repo": "nixpkgs",
        "type": "github"
      }
    },
    "root": {
      "inputs": {
        "nixCats": "nixCats",
        "nixpkgs": "nixpkgs"
      }
    }
  },
  "root": "root",
  "version": 7
}
