{
  "nodes": {
    "nixCats": {
      "locked": {
        "lastModified": 1748760778,
        "narHash": "sha256-i0xBOGCDtrJ29sIelwbSATUJK4AP6McPMxBA0dthK0o=",
        "owner": "BirdeeHub",
        "repo": "nixCats-nvim",
        "rev": "88cde33af841e2aa1ea0c83c4d9dcfefdde54fb3",
        "type": "github"
      },
      "original": {
        "owner": "BirdeeHub",
        "repo": "nixCats-nvim",
        "type": "github"
      }
    },
    "nixpkgs": {
      "locked": {
        "lastModified": 1749523198,
        "narHash": "sha256-How2kQw0psKmCdXgojc95Sf3K5maHB3qfINxTZFCAPM=",
        "owner": "nixos",
        "repo": "nixpkgs",
        "rev": "cdc68935eba9f86d155585fdf6f17af6824f38ac",
        "type": "github"
      },
      "original": {
        "owner": "nixos",
        "ref": "nixpkgs-unstable",
        "repo": "nixpkgs",
        "type": "github"
      }
    },
    "root": {
      "inputs": {
        "nixCats": "nixCats",
        "nixpkgs": "nixpkgs"
      }
    }
  },
  "root": "root",
  "version": 7
}
